
Microsoft Visual Studio Solution File, Format Version 12.00
# Visual Studio Version 16
VisualStudioVersion = 16.0.31727.386
MinimumVisualStudioVersion = 10.0.40219.1
Project("{9A19103F-16F7-4668-BE54-9A1E7A4F7556}") = "ConsoleBl", "ConsoleBl\ConsoleBl.csproj", "{9C4A699A-9395-45E1-89D5-87F694074AB4}"
EndProject
Project("{9A19103F-16F7-4668-BE54-9A1E7A4F7556}") = "BL", "BL\BL.csproj", "{0E06A940-6BCE-489F-BE66-F8ACA2264012}"
EndProject
Project("{9A19103F-16F7-4668-BE54-9A1E7A4F7556}") = "DalFacade", "DalFacade\DalFacade.csproj", "{8AF5251A-FE6C-4545-AAE0-314F35538C79}"
EndProject
Project("{9A19103F-16F7-4668-BE54-9A1E7A4F7556}") = "DalObject", "DalObject\DalObject.csproj", "{DDDD0BDB-0A79-4647-9C2C-4C8DDC9C61CF}"
EndProject
Project("{9A19103F-16F7-4668-BE54-9A1E7A4F7556}") = "DS", "DS\DS.csproj", "{FC6BA9A6-EA15-4067-B7AC-4A5B19F0B140}"
EndProject
Project("{9A19103F-16F7-4668-BE54-9A1E7A4F7556}") = "PL", "PL\PL.csproj", "{896D1467-7710-4F98-BD1F-9D8ED3284EAB}"
EndProject
Project("{2150E333-8FDC-42A3-9474-1A3956D46DE8}") = "xml", "xml", "{4F367B53-9E34-43DE-8C06-EB39B487B61A}"
	ProjectSection(SolutionItems) = preProject
		xml\dal-config.xml = xml\dal-config.xml
	EndProjectSection
EndProject
Global
	GlobalSection(SolutionConfigurationPlatforms) = preSolution
		Debug|Any CPU = Debug|Any CPU
		Release|Any CPU = Release|Any CPU
	EndGlobalSection
	GlobalSection(ProjectConfigurationPlatforms) = postSolution
		{9C4A699A-9395-45E1-89D5-87F694074AB4}.Debug|Any CPU.ActiveCfg = Debug|Any CPU
		{9C4A699A-9395-45E1-89D5-87F694074AB4}.Debug|Any CPU.Build.0 = Debug|Any CPU
		{9C4A699A-9395-45E1-89D5-87F694074AB4}.Release|Any CPU.ActiveCfg = Release|Any CPU
		{9C4A699A-9395-45E1-89D5-87F694074AB4}.Release|Any CPU.Build.0 = Release|Any CPU
		{0E06A940-6BCE-489F-BE66-F8ACA2264012}.Debug|Any CPU.ActiveCfg = Debug|Any CPU
		{0E06A940-6BCE-489F-BE66-F8ACA2264012}.Debug|Any CPU.Build.0 = Debug|Any CPU
		{0E06A940-6BCE-489F-BE66-F8ACA2264012}.Release|Any CPU.ActiveCfg = Release|Any CPU
		{0E06A940-6BCE-489F-BE66-F8ACA2264012}.Release|Any CPU.Build.0 = Release|Any CPU
		{8AF5251A-FE6C-4545-AAE0-314F35538C79}.Debug|Any CPU.ActiveCfg = Debug|Any CPU
		{8AF5251A-FE6C-4545-AAE0-314F35538C79}.Debug|Any CPU.Build.0 = Debug|Any CPU
		{8AF5251A-FE6C-4545-AAE0-314F35538C79}.Release|Any CPU.ActiveCfg = Release|Any CPU
		{8AF5251A-FE6C-4545-AAE0-314F35538C79}.Release|Any CPU.Build.0 = Release|Any CPU
		{DDDD0BDB-0A79-4647-9C2C-4C8DDC9C61CF}.Debug|Any CPU.ActiveCfg = Debug|Any CPU
		{DDDD0BDB-0A79-4647-9C2C-4C8DDC9C61CF}.Debug|Any CPU.Build.0 = Debug|Any CPU
		{DDDD0BDB-0A79-4647-9C2C-4C8DDC9C61CF}.Release|Any CPU.ActiveCfg = Release|Any CPU
		{DDDD0BDB-0A79-4647-9C2C-4C8DDC9C61CF}.Release|Any CPU.Build.0 = Release|Any CPU
		{FC6BA9A6-EA15-4067-B7AC-4A5B19F0B140}.Debug|Any CPU.ActiveCfg = Debug|Any CPU
		{FC6BA9A6-EA15-4067-B7AC-4A5B19F0B140}.Debug|Any CPU.Build.0 = Debug|Any CPU
		{FC6BA9A6-EA15-4067-B7AC-4A5B19F0B140}.Release|Any CPU.ActiveCfg = Release|Any CPU
		{FC6BA9A6-EA15-4067-B7AC-4A5B19F0B140}.Release|Any CPU.Build.0 = Release|Any CPU
		{896D1467-7710-4F98-BD1F-9D8ED3284EAB}.Debug|Any CPU.ActiveCfg = Debug|Any CPU
		{896D1467-7710-4F98-BD1F-9D8ED3284EAB}.Debug|Any CPU.Build.0 = Debug|Any CPU
		{896D1467-7710-4F98-BD1F-9D8ED3284EAB}.Release|Any CPU.ActiveCfg = Release|Any CPU
		{896D1467-7710-4F98-BD1F-9D8ED3284EAB}.Release|Any CPU.Build.0 = Release|Any CPU
	EndGlobalSection
	GlobalSection(SolutionProperties) = preSolution
		HideSolutionNode = FALSE
	EndGlobalSection
	GlobalSection(ExtensibilityGlobals) = postSolution
		SolutionGuid = {90B8C413-825F-46B1-BF50-85771B4623AF}
	EndGlobalSection
EndGlobal
